
Microsoft Visual Studio Solution File, Format Version 12.00
# Visual Studio Version 17
VisualStudioVersion = 17.8.35728.64
MinimumVisualStudioVersion = 10.0.40219.1
Project("{FAE04EC0-301F-11D3-BF4B-00C04F79EFBC}") = "ProjectCreator", "ProjectCreator.csproj", "{52C15CC8-FA1A-48C2-9E11-644ACC6462D2}"
EndProject
Global
	GlobalSection(SolutionConfigurationPlatforms) = preSolution
		Debug|Any CPU = Debug|Any CPU
		Release|Any CPU = Release|Any CPU
	EndGlobalSection
	GlobalSection(ProjectConfigurationPlatforms) = postSolution
		{52C15CC8-FA1A-48C2-9E11-644ACC6462D2}.Debug|Any CPU.ActiveCfg = Debug|Any CPU
		{52C15CC8-FA1A-48C2-9E11-644ACC6462D2}.Debug|Any CPU.Build.0 = Debug|Any CPU
		{52C15CC8-FA1A-48C2-9E11-644ACC6462D2}.Release|Any CPU.ActiveCfg = Release|Any CPU
		{52C15CC8-FA1A-48C2-9E11-644ACC6462D2}.Release|Any CPU.Build.0 = Release|Any CPU
	EndGlobalSection
	GlobalSection(SolutionProperties) = preSolution
		HideSolutionNode = FALSE
	EndGlobalSection
	GlobalSection(ExtensibilityGlobals) = postSolution
		SolutionGuid = {1F75F6D4-179A-44FA-B26B-14DC60CD9C48}
	EndGlobalSection
EndGlobal
